
Microsoft Visual Studio Solution File, Format Version 12.00
# Visual Studio Version 17
VisualStudioVersion = 17.14.36811.4 d17.14
MinimumVisualStudioVersion = 10.0.40219.1
Project("{FAE04EC0-301F-11D3-BF4B-00C04F79EFBC}") = "WindowsFormsApp8", "WindowsFormsApp8\WindowsFormsApp8.csproj", "{D2D7A059-30D4-4ED1-BADD-06F7F9BB1961}"
EndProject
Global
	GlobalSection(SolutionConfigurationPlatforms) = preSolution
		Debug|Any CPU = Debug|Any CPU
		Release|Any CPU = Release|Any CPU
	EndGlobalSection
	GlobalSection(ProjectConfigurationPlatforms) = postSolution
		{D2D7A059-30D4-4ED1-BADD-06F7F9BB1961}.Debug|Any CPU.ActiveCfg = Debug|Any CPU
		{D2D7A059-30D4-4ED1-BADD-06F7F9BB1961}.Debug|Any CPU.Build.0 = Debug|Any CPU
		{D2D7A059-30D4-4ED1-BADD-06F7F9BB1961}.Release|Any CPU.ActiveCfg = Release|Any CPU
		{D2D7A059-30D4-4ED1-BADD-06F7F9BB1961}.Release|Any CPU.Build.0 = Release|Any CPU
	EndGlobalSection
	GlobalSection(SolutionProperties) = preSolution
		HideSolutionNode = FALSE
	EndGlobalSection
	GlobalSection(ExtensibilityGlobals) = postSolution
		SolutionGuid = {1962F40E-0F60-4635-8431-EB2016A485DD}
	EndGlobalSection
EndGlobal
