
Microsoft Visual Studio Solution File, Format Version 12.00
# Visual Studio Version 17
VisualStudioVersion = 17.14.36811.4 d17.14
MinimumVisualStudioVersion = 10.0.40219.1
Project("{FAE04EC0-301F-11D3-BF4B-00C04F79EFBC}") = "ConsoleApp17-2.1", "ConsoleApp17-2.1\ConsoleApp17-2.1.csproj", "{D05D6D6A-A25E-4C28-9334-AD0917ED86BA}"
EndProject
Global
	GlobalSection(SolutionConfigurationPlatforms) = preSolution
		Debug|Any CPU = Debug|Any CPU
		Release|Any CPU = Release|Any CPU
	EndGlobalSection
	GlobalSection(ProjectConfigurationPlatforms) = postSolution
		{D05D6D6A-A25E-4C28-9334-AD0917ED86BA}.Debug|Any CPU.ActiveCfg = Debug|Any CPU
		{D05D6D6A-A25E-4C28-9334-AD0917ED86BA}.Debug|Any CPU.Build.0 = Debug|Any CPU
		{D05D6D6A-A25E-4C28-9334-AD0917ED86BA}.Release|Any CPU.ActiveCfg = Release|Any CPU
		{D05D6D6A-A25E-4C28-9334-AD0917ED86BA}.Release|Any CPU.Build.0 = Release|Any CPU
	EndGlobalSection
	GlobalSection(SolutionProperties) = preSolution
		HideSolutionNode = FALSE
	EndGlobalSection
	GlobalSection(ExtensibilityGlobals) = postSolution
		SolutionGuid = {B82237E7-4E6F-4BCD-8B1E-5FAE7A7FB6E2}
	EndGlobalSection
EndGlobal
