
Microsoft Visual Studio Solution File, Format Version 12.00
# Visual Studio Version 17
VisualStudioVersion = 17.14.36811.4 d17.14
MinimumVisualStudioVersion = 10.0.40219.1
Project("{FAE04EC0-301F-11D3-BF4B-00C04F79EFBC}") = "WindowsFormsApp9", "WindowsFormsApp9\WindowsFormsApp9.csproj", "{496FD802-E4BC-4813-82A2-6E9193AF0BBF}"
EndProject
Global
	GlobalSection(SolutionConfigurationPlatforms) = preSolution
		Debug|Any CPU = Debug|Any CPU
		Release|Any CPU = Release|Any CPU
	EndGlobalSection
	GlobalSection(ProjectConfigurationPlatforms) = postSolution
		{496FD802-E4BC-4813-82A2-6E9193AF0BBF}.Debug|Any CPU.ActiveCfg = Debug|Any CPU
		{496FD802-E4BC-4813-82A2-6E9193AF0BBF}.Debug|Any CPU.Build.0 = Debug|Any CPU
		{496FD802-E4BC-4813-82A2-6E9193AF0BBF}.Release|Any CPU.ActiveCfg = Release|Any CPU
		{496FD802-E4BC-4813-82A2-6E9193AF0BBF}.Release|Any CPU.Build.0 = Release|Any CPU
	EndGlobalSection
	GlobalSection(SolutionProperties) = preSolution
		HideSolutionNode = FALSE
	EndGlobalSection
	GlobalSection(ExtensibilityGlobals) = postSolution
		SolutionGuid = {72DC7F89-39B6-44D4-8F62-5238F5D28E29}
	EndGlobalSection
EndGlobal
