
Microsoft Visual Studio Solution File, Format Version 12.00
# Visual Studio Version 17
VisualStudioVersion = 17.14.36811.4 d17.14
MinimumVisualStudioVersion = 10.0.40219.1
Project("{FAE04EC0-301F-11D3-BF4B-00C04F79EFBC}") = "WindowsFormsApp3", "WindowsFormsApp3\WindowsFormsApp3.csproj", "{D76D0844-74E8-48A4-8350-D6361BB5FB44}"
EndProject
Global
	GlobalSection(SolutionConfigurationPlatforms) = preSolution
		Debug|Any CPU = Debug|Any CPU
		Release|Any CPU = Release|Any CPU
	EndGlobalSection
	GlobalSection(ProjectConfigurationPlatforms) = postSolution
		{D76D0844-74E8-48A4-8350-D6361BB5FB44}.Debug|Any CPU.ActiveCfg = Debug|Any CPU
		{D76D0844-74E8-48A4-8350-D6361BB5FB44}.Debug|Any CPU.Build.0 = Debug|Any CPU
		{D76D0844-74E8-48A4-8350-D6361BB5FB44}.Release|Any CPU.ActiveCfg = Release|Any CPU
		{D76D0844-74E8-48A4-8350-D6361BB5FB44}.Release|Any CPU.Build.0 = Release|Any CPU
	EndGlobalSection
	GlobalSection(SolutionProperties) = preSolution
		HideSolutionNode = FALSE
	EndGlobalSection
	GlobalSection(ExtensibilityGlobals) = postSolution
		SolutionGuid = {5FF0DE91-CAB2-4EB3-9AFF-F05B7E6B0E21}
	EndGlobalSection
EndGlobal
