
Microsoft Visual Studio Solution File, Format Version 12.00
# Visual Studio Version 17
VisualStudioVersion = 17.14.36811.4 d17.14
MinimumVisualStudioVersion = 10.0.40219.1
Project("{FAE04EC0-301F-11D3-BF4B-00C04F79EFBC}") = "ConsoleApp2.11-4", "ConsoleApp2.11-4\ConsoleApp2.11-4.csproj", "{456912DB-96E9-4615-81E4-A90F549B9B4A}"
EndProject
Global
	GlobalSection(SolutionConfigurationPlatforms) = preSolution
		Debug|Any CPU = Debug|Any CPU
		Release|Any CPU = Release|Any CPU
	EndGlobalSection
	GlobalSection(ProjectConfigurationPlatforms) = postSolution
		{456912DB-96E9-4615-81E4-A90F549B9B4A}.Debug|Any CPU.ActiveCfg = Debug|Any CPU
		{456912DB-96E9-4615-81E4-A90F549B9B4A}.Debug|Any CPU.Build.0 = Debug|Any CPU
		{456912DB-96E9-4615-81E4-A90F549B9B4A}.Release|Any CPU.ActiveCfg = Release|Any CPU
		{456912DB-96E9-4615-81E4-A90F549B9B4A}.Release|Any CPU.Build.0 = Release|Any CPU
	EndGlobalSection
	GlobalSection(SolutionProperties) = preSolution
		HideSolutionNode = FALSE
	EndGlobalSection
	GlobalSection(ExtensibilityGlobals) = postSolution
		SolutionGuid = {559C5C4E-87C6-4C48-917F-7DF69A7960AD}
	EndGlobalSection
EndGlobal
